
Microsoft Visual Studio Solution File, Format Version 12.00
# Visual Studio Version 16
VisualStudioVersion = 16.0.31911.196
MinimumVisualStudioVersion = 10.0.40219.1
Project("{FAE04EC0-301F-11D3-BF4B-00C04F79EFBC}") = "ConsoleApp5", "ConsoleApp5\ConsoleApp5.csproj", "{307AEB0E-90A5-403C-A982-72CD5B5E162E}"
EndProject
Global
	GlobalSection(SolutionConfigurationPlatforms) = preSolution
		Debug|Any CPU = Debug|Any CPU
		Release|Any CPU = Release|Any CPU
	EndGlobalSection
	GlobalSection(ProjectConfigurationPlatforms) = postSolution
		{307AEB0E-90A5-403C-A982-72CD5B5E162E}.Debug|Any CPU.ActiveCfg = Debug|Any CPU
		{307AEB0E-90A5-403C-A982-72CD5B5E162E}.Debug|Any CPU.Build.0 = Debug|Any CPU
		{307AEB0E-90A5-403C-A982-72CD5B5E162E}.Release|Any CPU.ActiveCfg = Release|Any CPU
		{307AEB0E-90A5-403C-A982-72CD5B5E162E}.Release|Any CPU.Build.0 = Release|Any CPU
	EndGlobalSection
	GlobalSection(SolutionProperties) = preSolution
		HideSolutionNode = FALSE
	EndGlobalSection
	GlobalSection(ExtensibilityGlobals) = postSolution
		SolutionGuid = {6D4DC767-AE79-4583-89ED-CC5E58D28814}
	EndGlobalSection
EndGlobal
